
Microsoft Visual Studio Solution File, Format Version 12.00
# Visual Studio Version 17
VisualStudioVersion = 17.7.34003.232
MinimumVisualStudioVersion = 10.0.40219.1
Project("{FAE04EC0-301F-11D3-BF4B-00C04F79EFBC}") = "Eshop", "Eshop\Eshop.csproj", "{D108252B-6867-4B88-9B98-0307073DD426}"
EndProject
Global
	GlobalSection(SolutionConfigurationPlatforms) = preSolution
		Debug|Any CPU = Debug|Any CPU
		Release|Any CPU = Release|Any CPU
	EndGlobalSection
	GlobalSection(ProjectConfigurationPlatforms) = postSolution
		{D108252B-6867-4B88-9B98-0307073DD426}.Debug|Any CPU.ActiveCfg = Debug|Any CPU
		{D108252B-6867-4B88-9B98-0307073DD426}.Debug|Any CPU.Build.0 = Debug|Any CPU
		{D108252B-6867-4B88-9B98-0307073DD426}.Release|Any CPU.ActiveCfg = Release|Any CPU
		{D108252B-6867-4B88-9B98-0307073DD426}.Release|Any CPU.Build.0 = Release|Any CPU
	EndGlobalSection
	GlobalSection(SolutionProperties) = preSolution
		HideSolutionNode = FALSE
	EndGlobalSection
	GlobalSection(ExtensibilityGlobals) = postSolution
		SolutionGuid = {DD1A6443-34AB-4453-B521-CDB285A32914}
	EndGlobalSection
EndGlobal
